
Microsoft Visual Studio Solution File, Format Version 12.00
# Visual Studio Version 16
VisualStudioVersion = 16.0.29911.84
MinimumVisualStudioVersion = 10.0.40219.1
Project("{FAE04EC0-301F-11D3-BF4B-00C04F79EFBC}") = "WebApplication1", "WebApplication1.csproj", "{1D6B0290-D0BD-4B97-B038-F60903B733AA}"
EndProject
Global
	GlobalSection(SolutionConfigurationPlatforms) = preSolution
		Debug|Any CPU = Debug|Any CPU
		Release|Any CPU = Release|Any CPU
	EndGlobalSection
	GlobalSection(ProjectConfigurationPlatforms) = postSolution
		{1D6B0290-D0BD-4B97-B038-F60903B733AA}.Debug|Any CPU.ActiveCfg = Debug|Any CPU
		{1D6B0290-D0BD-4B97-B038-F60903B733AA}.Debug|Any CPU.Build.0 = Debug|Any CPU
		{1D6B0290-D0BD-4B97-B038-F60903B733AA}.Release|Any CPU.ActiveCfg = Release|Any CPU
		{1D6B0290-D0BD-4B97-B038-F60903B733AA}.Release|Any CPU.Build.0 = Release|Any CPU
	EndGlobalSection
	GlobalSection(SolutionProperties) = preSolution
		HideSolutionNode = FALSE
	EndGlobalSection
	GlobalSection(ExtensibilityGlobals) = postSolution
		SolutionGuid = {225F3C73-F2E2-45BF-859E-D90EBCC64D8F}
	EndGlobalSection
EndGlobal
